
Microsoft Visual Studio Solution File, Format Version 12.00
# Visual Studio 2013
VisualStudioVersion = 12.0.21005.1
MinimumVisualStudioVersion = 10.0.40219.1
Project("{FAE04EC0-301F-11D3-BF4B-00C04F79EFBC}") = "LanguageBoosterService", "LanguageBoosterService\LanguageBoosterService.csproj", "{AB667DA8-463A-4B86-9D76-11AAEE52B30A}"
EndProject
Project("{FAE04EC0-301F-11D3-BF4B-00C04F79EFBC}") = "LanguageBoosterEditor", "LanguageBoosterEditor\LanguageBoosterEditor.csproj", "{2077B1ED-9DED-4034-B195-F0B878AD4351}"
	ProjectSection(ProjectDependencies) = postProject
		{AB667DA8-463A-4B86-9D76-11AAEE52B30A} = {AB667DA8-463A-4B86-9D76-11AAEE52B30A}
	EndProjectSection
EndProject
Project("{FAE04EC0-301F-11D3-BF4B-00C04F79EFBC}") = "LanguageBoosterGame", "LanguageBoosterGame\LanguageBoosterGame.csproj", "{73F3E779-F3AF-489F-A356-298A1B58CB40}"
	ProjectSection(ProjectDependencies) = postProject
		{AB667DA8-463A-4B86-9D76-11AAEE52B30A} = {AB667DA8-463A-4B86-9D76-11AAEE52B30A}
	EndProjectSection
EndProject
Global
	GlobalSection(SolutionConfigurationPlatforms) = preSolution
		Debug|Any CPU = Debug|Any CPU
		Release|Any CPU = Release|Any CPU
	EndGlobalSection
	GlobalSection(ProjectConfigurationPlatforms) = postSolution
		{AB667DA8-463A-4B86-9D76-11AAEE52B30A}.Debug|Any CPU.ActiveCfg = Debug|Any CPU
		{AB667DA8-463A-4B86-9D76-11AAEE52B30A}.Debug|Any CPU.Build.0 = Debug|Any CPU
		{AB667DA8-463A-4B86-9D76-11AAEE52B30A}.Release|Any CPU.ActiveCfg = Release|Any CPU
		{AB667DA8-463A-4B86-9D76-11AAEE52B30A}.Release|Any CPU.Build.0 = Release|Any CPU
		{2077B1ED-9DED-4034-B195-F0B878AD4351}.Debug|Any CPU.ActiveCfg = Debug|Any CPU
		{2077B1ED-9DED-4034-B195-F0B878AD4351}.Debug|Any CPU.Build.0 = Debug|Any CPU
		{2077B1ED-9DED-4034-B195-F0B878AD4351}.Release|Any CPU.ActiveCfg = Release|Any CPU
		{2077B1ED-9DED-4034-B195-F0B878AD4351}.Release|Any CPU.Build.0 = Release|Any CPU
		{73F3E779-F3AF-489F-A356-298A1B58CB40}.Debug|Any CPU.ActiveCfg = Debug|Any CPU
		{73F3E779-F3AF-489F-A356-298A1B58CB40}.Debug|Any CPU.Build.0 = Debug|Any CPU
		{73F3E779-F3AF-489F-A356-298A1B58CB40}.Release|Any CPU.ActiveCfg = Release|Any CPU
		{73F3E779-F3AF-489F-A356-298A1B58CB40}.Release|Any CPU.Build.0 = Release|Any CPU
	EndGlobalSection
	GlobalSection(SolutionProperties) = preSolution
		HideSolutionNode = FALSE
	EndGlobalSection
EndGlobal
